{
  "name": "peerctx",
  "version": "0.2.0",
  "lockfileVersion": 3,
  "requires": true,
  "packages": {
    "": {
      "name": "peerctx",
      "version": "0.2.0",
      "license": "MIT",
      "bin": {
        "peerctx": "bin/peerctx.js"
      },
      "engines": {
        "node": ">=18"
      }
    }
  }
}
